
Microsoft Visual Studio Solution File, Format Version 12.00
# Visual Studio Version 17
VisualStudioVersion = 17.1.32228.430
MinimumVisualStudioVersion = 10.0.40219.1
Project("{FAE04EC0-301F-11D3-BF4B-00C04F79EFBC}") = "DuplicateEncoder", "DuplicateEncoder.csproj", "{EB4E0934-BA2A-4B73-A435-808578264F27}"
EndProject
Global
	GlobalSection(SolutionConfigurationPlatforms) = preSolution
		Debug|Any CPU = Debug|Any CPU
		Release|Any CPU = Release|Any CPU
	EndGlobalSection
	GlobalSection(ProjectConfigurationPlatforms) = postSolution
		{EB4E0934-BA2A-4B73-A435-808578264F27}.Debug|Any CPU.ActiveCfg = Debug|Any CPU
		{EB4E0934-BA2A-4B73-A435-808578264F27}.Debug|Any CPU.Build.0 = Debug|Any CPU
		{EB4E0934-BA2A-4B73-A435-808578264F27}.Release|Any CPU.ActiveCfg = Release|Any CPU
		{EB4E0934-BA2A-4B73-A435-808578264F27}.Release|Any CPU.Build.0 = Release|Any CPU
	EndGlobalSection
	GlobalSection(SolutionProperties) = preSolution
		HideSolutionNode = FALSE
	EndGlobalSection
	GlobalSection(ExtensibilityGlobals) = postSolution
		SolutionGuid = {61FC9DE4-C3E4-4333-A622-0B82F6904D54}
	EndGlobalSection
EndGlobal
